
Microsoft Visual Studio Solution File, Format Version 12.00
# Visual Studio Version 16
VisualStudioVersion = 16.0.33801.447
MinimumVisualStudioVersion = 10.0.40219.1
Project("{FAE04EC0-301F-11D3-BF4B-00C04F79EFBC}") = "lab6", "lab6\lab6.csproj", "{0870C2DC-4732-483E-A38C-691E8FFC49FD}"
EndProject
Global
	GlobalSection(SolutionConfigurationPlatforms) = preSolution
		Debug|Any CPU = Debug|Any CPU
		Release|Any CPU = Release|Any CPU
	EndGlobalSection
	GlobalSection(ProjectConfigurationPlatforms) = postSolution
		{0870C2DC-4732-483E-A38C-691E8FFC49FD}.Debug|Any CPU.ActiveCfg = Debug|Any CPU
		{0870C2DC-4732-483E-A38C-691E8FFC49FD}.Debug|Any CPU.Build.0 = Debug|Any CPU
		{0870C2DC-4732-483E-A38C-691E8FFC49FD}.Release|Any CPU.ActiveCfg = Release|Any CPU
		{0870C2DC-4732-483E-A38C-691E8FFC49FD}.Release|Any CPU.Build.0 = Release|Any CPU
	EndGlobalSection
	GlobalSection(SolutionProperties) = preSolution
		HideSolutionNode = FALSE
	EndGlobalSection
	GlobalSection(ExtensibilityGlobals) = postSolution
		SolutionGuid = {53BBB1F5-86CB-4A27-85E1-64FE1746F213}
	EndGlobalSection
EndGlobal
